
Microsoft Visual Studio Solution File, Format Version 12.00
# Visual Studio Version 16
VisualStudioVersion = 16.0.29709.97
MinimumVisualStudioVersion = 10.0.40219.1
Project("{9A19103F-16F7-4668-BE54-9A1E7A4F7556}") = "Tesseract_OCR_Demo01", "Tesseract_OCR_Demo01\Tesseract_OCR_Demo01.csproj", "{457C76B1-0AED-4726-81E9-3248D7B6611D}"
EndProject
Project("{FAE04EC0-301F-11D3-BF4B-00C04F79EFBC}") = "ClassLibrary", "ClassLibrary\ClassLibrary.csproj", "{FEF3B907-A285-4A2F-A5D3-2EB61434352D}"
EndProject
Project("{FAE04EC0-301F-11D3-BF4B-00C04F79EFBC}") = "TesseractNTests", "TesseractNTests\TesseractNTests.csproj", "{C377992E-216A-478F-87E9-512FAF9DC118}"
EndProject
Global
	GlobalSection(SolutionConfigurationPlatforms) = preSolution
		Debug|Any CPU = Debug|Any CPU
		Release|Any CPU = Release|Any CPU
	EndGlobalSection
	GlobalSection(ProjectConfigurationPlatforms) = postSolution
		{457C76B1-0AED-4726-81E9-3248D7B6611D}.Debug|Any CPU.ActiveCfg = Debug|Any CPU
		{457C76B1-0AED-4726-81E9-3248D7B6611D}.Debug|Any CPU.Build.0 = Debug|Any CPU
		{457C76B1-0AED-4726-81E9-3248D7B6611D}.Release|Any CPU.ActiveCfg = Release|Any CPU
		{457C76B1-0AED-4726-81E9-3248D7B6611D}.Release|Any CPU.Build.0 = Release|Any CPU
		{FEF3B907-A285-4A2F-A5D3-2EB61434352D}.Debug|Any CPU.ActiveCfg = Debug|Any CPU
		{FEF3B907-A285-4A2F-A5D3-2EB61434352D}.Debug|Any CPU.Build.0 = Debug|Any CPU
		{FEF3B907-A285-4A2F-A5D3-2EB61434352D}.Release|Any CPU.ActiveCfg = Release|Any CPU
		{FEF3B907-A285-4A2F-A5D3-2EB61434352D}.Release|Any CPU.Build.0 = Release|Any CPU
		{C377992E-216A-478F-87E9-512FAF9DC118}.Debug|Any CPU.ActiveCfg = Debug|Any CPU
		{C377992E-216A-478F-87E9-512FAF9DC118}.Debug|Any CPU.Build.0 = Debug|Any CPU
		{C377992E-216A-478F-87E9-512FAF9DC118}.Release|Any CPU.ActiveCfg = Release|Any CPU
		{C377992E-216A-478F-87E9-512FAF9DC118}.Release|Any CPU.Build.0 = Release|Any CPU
	EndGlobalSection
	GlobalSection(SolutionProperties) = preSolution
		HideSolutionNode = FALSE
	EndGlobalSection
	GlobalSection(ExtensibilityGlobals) = postSolution
		SolutionGuid = {B916E9F8-8910-4A7B-975E-DCD9975A911C}
	EndGlobalSection
EndGlobal
